// !$*UTF8*$!
{
	archiveVersion = 1;
	classes = {
	};
	objectVersion = 52;
	objects = {

/* Begin PBXBuildFile section */
		A0E82F9C250F114F006A3834 /* AppDelegate.swift in Sources */ = {isa = PBXBuildFile; fileRef = A0E82F9B250F114F006A3834 /* AppDelegate.swift */; };
		A0E82F9E250F114F006A3834 /* SceneDelegate.swift in Sources */ = {isa = PBXBuildFile; fileRef = A0E82F9D250F114F006A3834 /* SceneDelegate.swift */; };
		A0E82FA0250F114F006A3834 /* ViewController.swift in Sources */ = {isa = PBXBuildFile; fileRef = A0E82F9F250F114F006A3834 /* ViewController.swift */; };
		A0E82FA3250F114F006A3834 /* Main.storyboard in Resources */ = {isa = PBXBuildFile; fileRef = A0E82FA1250F114F006A3834 /* Main.storyboard */; };
		A0E82FA5250F1156006A3834 /* Assets.xcassets in Resources */ = {isa = PBXBuildFile; fileRef = A0E82FA4250F1156006A3834 /* Assets.xcassets */; };
		A0E82FA8250F1156006A3834 /* LaunchScreen.storyboard in Resources */ = {isa = PBXBuildFile; fileRef = A0E82FA6250F1156006A3834 /* LaunchScreen.storyboard */; };
		A0E82FB1250F1794006A3834 /* FluentDarkModeKit in Frameworks */ = {isa = PBXBuildFile; productRef = A0E82FB0250F1794006A3834 /* FluentDarkModeKit */; };
		A0E82FB4250F180D006A3834 /* Color+.swift in Sources */ = {isa = PBXBuildFile; fileRef = A0E82FB3250F180D006A3834 /* Color+.swift */; };
		A0E82FB8250F543B006A3834 /* Localizable.strings in Resources */ = {isa = PBXBuildFile; fileRef = A0E82FBA250F543B006A3834 /* Localizable.strings */; };
		A0E82FC0250F5681006A3834 /* LocalizedUtils.swift in Sources */ = {isa = PBXBuildFile; fileRef = A0E82FBF250F5681006A3834 /* LocalizedUtils.swift */; };
		A0E82FC3250F65D9006A3834 /* LanguageSetting.swift in Sources */ = {isa = PBXBuildFile; fileRef = A0E82FC2250F65D9006A3834 /* LanguageSetting.swift */; };
		A0E82FCE250FAE25006A3834 /* UITextField+.swift in Sources */ = {isa = PBXBuildFile; fileRef = A0E82FCD250FAE25006A3834 /* UITextField+.swift */; };
		A0E82FD1250FB9AE006A3834 /* AttachedView.swift in Sources */ = {isa = PBXBuildFile; fileRef = A0E82FD0250FB9AE006A3834 /* AttachedView.swift */; };
		A0E82FD3250FBD3C006A3834 /* UIView+AutoLayout.swift in Sources */ = {isa = PBXBuildFile; fileRef = A0E82FD2250FBD3C006A3834 /* UIView+AutoLayout.swift */; };
		A0E82FD5250FBE94006A3834 /* Delegate.swift in Sources */ = {isa = PBXBuildFile; fileRef = A0E82FD4250FBE94006A3834 /* Delegate.swift */; };
		A0E82FD7250FBFC3006A3834 /* Test.storyboard in Resources */ = {isa = PBXBuildFile; fileRef = A0E82FD6250FBFC3006A3834 /* Test.storyboard */; };
		A0E82FD9250FC4A8006A3834 /* UIView+Designable.swift in Sources */ = {isa = PBXBuildFile; fileRef = A0E82FD8250FC4A8006A3834 /* UIView+Designable.swift */; };
		A0E82FDE250FC53B006A3834 /* FenceButtonGroup.swift in Sources */ = {isa = PBXBuildFile; fileRef = A0E82FDD250FC53B006A3834 /* FenceButtonGroup.swift */; };
		A0E82FE22510FFF5006A3834 /* AttachedButton.swift in Sources */ = {isa = PBXBuildFile; fileRef = A0E82FE12510FFF5006A3834 /* AttachedButton.swift */; };
		A0E82FE425110A63006A3834 /* UIButton+.swift in Sources */ = {isa = PBXBuildFile; fileRef = A0E82FE325110A63006A3834 /* UIButton+.swift */; };
/* End PBXBuildFile section */

/* Begin PBXFileReference section */
		A0E82F98250F114F006A3834 /* DummyKit.app */ = {isa = PBXFileReference; explicitFileType = wrapper.application; includeInIndex = 0; path = DummyKit.app; sourceTree = BUILT_PRODUCTS_DIR; };
		A0E82F9B250F114F006A3834 /* AppDelegate.swift */ = {isa = PBXFileReference; lastKnownFileType = sourcecode.swift; path = AppDelegate.swift; sourceTree = "<group>"; };
		A0E82F9D250F114F006A3834 /* SceneDelegate.swift */ = {isa = PBXFileReference; lastKnownFileType = sourcecode.swift; path = SceneDelegate.swift; sourceTree = "<group>"; };
		A0E82F9F250F114F006A3834 /* ViewController.swift */ = {isa = PBXFileReference; lastKnownFileType = sourcecode.swift; path = ViewController.swift; sourceTree = "<group>"; };
		A0E82FA2250F114F006A3834 /* Base */ = {isa = PBXFileReference; lastKnownFileType = file.storyboard; name = Base; path = Base.lproj/Main.storyboard; sourceTree = "<group>"; };
		A0E82FA4250F1156006A3834 /* Assets.xcassets */ = {isa = PBXFileReference; lastKnownFileType = folder.assetcatalog; path = Assets.xcassets; sourceTree = "<group>"; };
		A0E82FA7250F1156006A3834 /* Base */ = {isa = PBXFileReference; lastKnownFileType = file.storyboard; name = Base; path = Base.lproj/LaunchScreen.storyboard; sourceTree = "<group>"; };
		A0E82FA9250F1156006A3834 /* Info.plist */ = {isa = PBXFileReference; lastKnownFileType = text.plist.xml; path = Info.plist; sourceTree = "<group>"; };
		A0E82FB3250F180D006A3834 /* Color+.swift */ = {isa = PBXFileReference; lastKnownFileType = sourcecode.swift; path = "Color+.swift"; sourceTree = "<group>"; };
		A0E82FB9250F543B006A3834 /* en */ = {isa = PBXFileReference; lastKnownFileType = text.plist.strings; name = en; path = en.lproj/Localizable.strings; sourceTree = "<group>"; };
		A0E82FBF250F5681006A3834 /* LocalizedUtils.swift */ = {isa = PBXFileReference; lastKnownFileType = sourcecode.swift; path = LocalizedUtils.swift; sourceTree = "<group>"; };
		A0E82FC2250F65D9006A3834 /* LanguageSetting.swift */ = {isa = PBXFileReference; lastKnownFileType = sourcecode.swift; path = LanguageSetting.swift; sourceTree = "<group>"; };
		A0E82FC4250F730C006A3834 /* zh-Hans */ = {isa = PBXFileReference; lastKnownFileType = text.plist.strings; name = "zh-Hans"; path = "zh-Hans.lproj/Main.strings"; sourceTree = "<group>"; };
		A0E82FC5250F730C006A3834 /* zh-Hans */ = {isa = PBXFileReference; lastKnownFileType = text.plist.strings; name = "zh-Hans"; path = "zh-Hans.lproj/LaunchScreen.strings"; sourceTree = "<group>"; };
		A0E82FC6250F730D006A3834 /* zh-Hans */ = {isa = PBXFileReference; lastKnownFileType = text.plist.strings; name = "zh-Hans"; path = "zh-Hans.lproj/Localizable.strings"; sourceTree = "<group>"; };
		A0E82FC7250F764F006A3834 /* ja-JP */ = {isa = PBXFileReference; lastKnownFileType = text.plist.strings; name = "ja-JP"; path = "ja-JP.lproj/Main.strings"; sourceTree = "<group>"; };
		A0E82FC8250F764F006A3834 /* ja-JP */ = {isa = PBXFileReference; lastKnownFileType = text.plist.strings; name = "ja-JP"; path = "ja-JP.lproj/LaunchScreen.strings"; sourceTree = "<group>"; };
		A0E82FC9250F764F006A3834 /* ja-JP */ = {isa = PBXFileReference; lastKnownFileType = text.plist.strings; name = "ja-JP"; path = "ja-JP.lproj/Localizable.strings"; sourceTree = "<group>"; };
		A0E82FCB250FAB0A006A3834 /* en */ = {isa = PBXFileReference; lastKnownFileType = text.plist.strings; name = en; path = en.lproj/Main.strings; sourceTree = "<group>"; };
		A0E82FCD250FAE25006A3834 /* UITextField+.swift */ = {isa = PBXFileReference; lastKnownFileType = sourcecode.swift; path = "UITextField+.swift"; sourceTree = "<group>"; };
		A0E82FD0250FB9AE006A3834 /* AttachedView.swift */ = {isa = PBXFileReference; lastKnownFileType = sourcecode.swift; path = AttachedView.swift; sourceTree = "<group>"; };
		A0E82FD2250FBD3C006A3834 /* UIView+AutoLayout.swift */ = {isa = PBXFileReference; lastKnownFileType = sourcecode.swift; path = "UIView+AutoLayout.swift"; sourceTree = "<group>"; };
		A0E82FD4250FBE94006A3834 /* Delegate.swift */ = {isa = PBXFileReference; lastKnownFileType = sourcecode.swift; path = Delegate.swift; sourceTree = "<group>"; };
		A0E82FD6250FBFC3006A3834 /* Test.storyboard */ = {isa = PBXFileReference; lastKnownFileType = file.storyboard; path = Test.storyboard; sourceTree = "<group>"; };
		A0E82FD8250FC4A8006A3834 /* UIView+Designable.swift */ = {isa = PBXFileReference; lastKnownFileType = sourcecode.swift; path = "UIView+Designable.swift"; sourceTree = "<group>"; };
		A0E82FDD250FC53B006A3834 /* FenceButtonGroup.swift */ = {isa = PBXFileReference; lastKnownFileType = sourcecode.swift; path = FenceButtonGroup.swift; sourceTree = "<group>"; };
		A0E82FE12510FFF5006A3834 /* AttachedButton.swift */ = {isa = PBXFileReference; lastKnownFileType = sourcecode.swift; path = AttachedButton.swift; sourceTree = "<group>"; };
		A0E82FE325110A63006A3834 /* UIButton+.swift */ = {isa = PBXFileReference; lastKnownFileType = sourcecode.swift; path = "UIButton+.swift"; sourceTree = "<group>"; };
/* End PBXFileReference section */

/* Begin PBXFrameworksBuildPhase section */
		A0E82F95250F114F006A3834 /* Frameworks */ = {
			isa = PBXFrameworksBuildPhase;
			buildActionMask = 2147483647;
			files = (
				A0E82FB1250F1794006A3834 /* FluentDarkModeKit in Frameworks */,
			);
			runOnlyForDeploymentPostprocessing = 0;
		};
/* End PBXFrameworksBuildPhase section */

/* Begin PBXGroup section */
		A0E82F8F250F114E006A3834 = {
			isa = PBXGroup;
			children = (
				A0E82F9A250F114F006A3834 /* DummyKit */,
				A0E82F99250F114F006A3834 /* Products */,
			);
			sourceTree = "<group>";
		};
		A0E82F99250F114F006A3834 /* Products */ = {
			isa = PBXGroup;
			children = (
				A0E82F98250F114F006A3834 /* DummyKit.app */,
			);
			name = Products;
			sourceTree = "<group>";
		};
		A0E82F9A250F114F006A3834 /* DummyKit */ = {
			isa = PBXGroup;
			children = (
				A0E82F9F250F114F006A3834 /* ViewController.swift */,
				A0E82FCF250FB98C006A3834 /* Shared */,
				A0E82FCC250FAE12006A3834 /* UI+ */,
				A0E82FBE250F560F006A3834 /* Utils */,
				A0E82FB5250F53FA006A3834 /* Localizable */,
				A0E82FB2250F17FA006A3834 /* DarkModeTest */,
				A0E82F9B250F114F006A3834 /* AppDelegate.swift */,
				A0E82F9D250F114F006A3834 /* SceneDelegate.swift */,
				A0E82FA1250F114F006A3834 /* Main.storyboard */,
				A0E82FA4250F1156006A3834 /* Assets.xcassets */,
				A0E82FA6250F1156006A3834 /* LaunchScreen.storyboard */,
				A0E82FA9250F1156006A3834 /* Info.plist */,
				A0E82FD6250FBFC3006A3834 /* Test.storyboard */,
			);
			path = DummyKit;
			sourceTree = "<group>";
		};
		A0E82FB2250F17FA006A3834 /* DarkModeTest */ = {
			isa = PBXGroup;
			children = (
				A0E82FB3250F180D006A3834 /* Color+.swift */,
			);
			path = DarkModeTest;
			sourceTree = "<group>";
		};
		A0E82FB5250F53FA006A3834 /* Localizable */ = {
			isa = PBXGroup;
			children = (
				A0E82FBA250F543B006A3834 /* Localizable.strings */,
			);
			path = Localizable;
			sourceTree = "<group>";
		};
		A0E82FBE250F560F006A3834 /* Utils */ = {
			isa = PBXGroup;
			children = (
				A0E82FBF250F5681006A3834 /* LocalizedUtils.swift */,
				A0E82FC2250F65D9006A3834 /* LanguageSetting.swift */,
			);
			path = Utils;
			sourceTree = "<group>";
		};
		A0E82FCC250FAE12006A3834 /* UI+ */ = {
			isa = PBXGroup;
			children = (
				A0E82FCD250FAE25006A3834 /* UITextField+.swift */,
			);
			path = "UI+";
			sourceTree = "<group>";
		};
		A0E82FCF250FB98C006A3834 /* Shared */ = {
			isa = PBXGroup;
			children = (
				A0E82FDC250FC4D6006A3834 /* Views */,
				A0E82FDB250FC4CE006A3834 /* Utils */,
				A0E82FDA250FC4C1006A3834 /* Extensions */,
			);
			path = Shared;
			sourceTree = "<group>";
		};
		A0E82FDA250FC4C1006A3834 /* Extensions */ = {
			isa = PBXGroup;
			children = (
				A0E82FD8250FC4A8006A3834 /* UIView+Designable.swift */,
				A0E82FD2250FBD3C006A3834 /* UIView+AutoLayout.swift */,
				A0E82FE325110A63006A3834 /* UIButton+.swift */,
			);
			path = Extensions;
			sourceTree = "<group>";
		};
		A0E82FDB250FC4CE006A3834 /* Utils */ = {
			isa = PBXGroup;
			children = (
				A0E82FD4250FBE94006A3834 /* Delegate.swift */,
			);
			path = Utils;
			sourceTree = "<group>";
		};
		A0E82FDC250FC4D6006A3834 /* Views */ = {
			isa = PBXGroup;
			children = (
				A0E82FD0250FB9AE006A3834 /* AttachedView.swift */,
				A0E82FDD250FC53B006A3834 /* FenceButtonGroup.swift */,
				A0E82FE12510FFF5006A3834 /* AttachedButton.swift */,
			);
			path = Views;
			sourceTree = "<group>";
		};
/* End PBXGroup section */

/* Begin PBXNativeTarget section */
		A0E82F97250F114F006A3834 /* DummyKit */ = {
			isa = PBXNativeTarget;
			buildConfigurationList = A0E82FAC250F1156006A3834 /* Build configuration list for PBXNativeTarget "DummyKit" */;
			buildPhases = (
				A0E82F94250F114F006A3834 /* Sources */,
				A0E82F95250F114F006A3834 /* Frameworks */,
				A0E82F96250F114F006A3834 /* Resources */,
				A0E82FBB250F55BC006A3834 /* ShellScript */,
			);
			buildRules = (
			);
			dependencies = (
			);
			name = DummyKit;
			packageProductDependencies = (
				A0E82FB0250F1794006A3834 /* FluentDarkModeKit */,
			);
			productName = DummyKit;
			productReference = A0E82F98250F114F006A3834 /* DummyKit.app */;
			productType = "com.apple.product-type.application";
		};
/* End PBXNativeTarget section */

/* Begin PBXProject section */
		A0E82F90250F114E006A3834 /* Project object */ = {
			isa = PBXProject;
			attributes = {
				LastSwiftUpdateCheck = 1170;
				LastUpgradeCheck = 1170;
				ORGANIZATIONNAME = hexch;
				TargetAttributes = {
					A0E82F97250F114F006A3834 = {
						CreatedOnToolsVersion = 11.7;
					};
				};
			};
			buildConfigurationList = A0E82F93250F114E006A3834 /* Build configuration list for PBXProject "DummyKit" */;
			compatibilityVersion = "Xcode 9.3";
			developmentRegion = en;
			hasScannedForEncodings = 0;
			knownRegions = (
				en,
				Base,
				"zh-Hans",
				"ja-JP",
			);
			mainGroup = A0E82F8F250F114E006A3834;
			packageReferences = (
				A0E82FAF250F1794006A3834 /* XCRemoteSwiftPackageReference "FluentDarkModeKit" */,
			);
			productRefGroup = A0E82F99250F114F006A3834 /* Products */;
			projectDirPath = "";
			projectRoot = "";
			targets = (
				A0E82F97250F114F006A3834 /* DummyKit */,
			);
		};
/* End PBXProject section */

/* Begin PBXResourcesBuildPhase section */
		A0E82F96250F114F006A3834 /* Resources */ = {
			isa = PBXResourcesBuildPhase;
			buildActionMask = 2147483647;
			files = (
				A0E82FB8250F543B006A3834 /* Localizable.strings in Resources */,
				A0E82FA8250F1156006A3834 /* LaunchScreen.storyboard in Resources */,
				A0E82FA5250F1156006A3834 /* Assets.xcassets in Resources */,
				A0E82FA3250F114F006A3834 /* Main.storyboard in Resources */,
				A0E82FD7250FBFC3006A3834 /* Test.storyboard in Resources */,
			);
			runOnlyForDeploymentPostprocessing = 0;
		};
/* End PBXResourcesBuildPhase section */

/* Begin PBXShellScriptBuildPhase section */
		A0E82FBB250F55BC006A3834 /* ShellScript */ = {
			isa = PBXShellScriptBuildPhase;
			buildActionMask = 2147483647;
			files = (
			);
			inputFileListPaths = (
			);
			inputPaths = (
			);
			outputFileListPaths = (
			);
			outputPaths = (
			);
			runOnlyForDeploymentPostprocessing = 0;
			shellPath = /bin/sh;
			shellScript = "# Type a script or drag a script file from your workspace to insert its path.\n# Localizable.strings文件路径\nlocalizableFile=\"${SRCROOT}/${PROJECT_NAME}/Localizable/en.lproj/Localizable.strings\"\n# 生成的swift文件路径（根据个人习惯修改）\nlocalizedFile=\"${SRCROOT}/${PROJECT_NAME}/Utils/LocalizedUtils.swift\"\n# 将localizable.strings中的文本转为swift格式的常量，存入一个临时文件\nawk '/^ *\\\".*\\\" = \\\".*\\\";$/{print $0}' \"${localizableFile}\"| sed 's/ *//g' | awk -F= '{print $1}' | sed 's/\\\"//g' | awk '{print \"    static var localized_\"$1\": String { return \\\"\"$1\"\\\".localized }\"}' > \"${localizedFile}.tmp\"\n# 先将localized作为计算属性输出到目标文件\necho \"import Foundation\\n\\nextension String {\\n\\tvar localized: String {\\n\\t\\tBundle.main.onLanguage()\\n\\t\\treturn NSLocalizedString(self, comment: self)\\n\\t}\" > \"${localizedFile}\"\n# 再将临时文件中的常量增量输出到目标文件\ncat \"${localizedFile}.tmp\" >> \"${localizedFile}\"\n# 最后增量输出一个\"}\"到目标文件，完成输出\necho \"\\n}\" >> \"${localizedFile}\"\n# 删除临时文件\nrm \"${localizedFile}.tmp\"\n";
		};
/* End PBXShellScriptBuildPhase section */

/* Begin PBXSourcesBuildPhase section */
		A0E82F94250F114F006A3834 /* Sources */ = {
			isa = PBXSourcesBuildPhase;
			buildActionMask = 2147483647;
			files = (
				A0E82FA0250F114F006A3834 /* ViewController.swift in Sources */,
				A0E82FE22510FFF5006A3834 /* AttachedButton.swift in Sources */,
				A0E82FD3250FBD3C006A3834 /* UIView+AutoLayout.swift in Sources */,
				A0E82FB4250F180D006A3834 /* Color+.swift in Sources */,
				A0E82FDE250FC53B006A3834 /* FenceButtonGroup.swift in Sources */,
				A0E82FCE250FAE25006A3834 /* UITextField+.swift in Sources */,
				A0E82FD9250FC4A8006A3834 /* UIView+Designable.swift in Sources */,
				A0E82FC0250F5681006A3834 /* LocalizedUtils.swift in Sources */,
				A0E82FC3250F65D9006A3834 /* LanguageSetting.swift in Sources */,
				A0E82FE425110A63006A3834 /* UIButton+.swift in Sources */,
				A0E82FD5250FBE94006A3834 /* Delegate.swift in Sources */,
				A0E82F9C250F114F006A3834 /* AppDelegate.swift in Sources */,
				A0E82FD1250FB9AE006A3834 /* AttachedView.swift in Sources */,
				A0E82F9E250F114F006A3834 /* SceneDelegate.swift in Sources */,
			);
			runOnlyForDeploymentPostprocessing = 0;
		};
/* End PBXSourcesBuildPhase section */

/* Begin PBXVariantGroup section */
		A0E82FA1250F114F006A3834 /* Main.storyboard */ = {
			isa = PBXVariantGroup;
			children = (
				A0E82FA2250F114F006A3834 /* Base */,
				A0E82FC4250F730C006A3834 /* zh-Hans */,
				A0E82FC7250F764F006A3834 /* ja-JP */,
				A0E82FCB250FAB0A006A3834 /* en */,
			);
			name = Main.storyboard;
			sourceTree = "<group>";
		};
		A0E82FA6250F1156006A3834 /* LaunchScreen.storyboard */ = {
			isa = PBXVariantGroup;
			children = (
				A0E82FA7250F1156006A3834 /* Base */,
				A0E82FC5250F730C006A3834 /* zh-Hans */,
				A0E82FC8250F764F006A3834 /* ja-JP */,
			);
			name = LaunchScreen.storyboard;
			sourceTree = "<group>";
		};
		A0E82FBA250F543B006A3834 /* Localizable.strings */ = {
			isa = PBXVariantGroup;
			children = (
				A0E82FB9250F543B006A3834 /* en */,
				A0E82FC6250F730D006A3834 /* zh-Hans */,
				A0E82FC9250F764F006A3834 /* ja-JP */,
			);
			name = Localizable.strings;
			sourceTree = "<group>";
		};
/* End PBXVariantGroup section */

/* Begin XCBuildConfiguration section */
		A0E82FAA250F1156006A3834 /* Debug */ = {
			isa = XCBuildConfiguration;
			buildSettings = {
				ALWAYS_SEARCH_USER_PATHS = NO;
				CLANG_ANALYZER_LOCALIZABILITY_NONLOCALIZED = YES;
				CLANG_ANALYZER_NONNULL = YES;
				CLANG_ANALYZER_NUMBER_OBJECT_CONVERSION = YES_AGGRESSIVE;
				CLANG_CXX_LANGUAGE_STANDARD = "gnu++14";
				CLANG_CXX_LIBRARY = "libc++";
				CLANG_ENABLE_MODULES = YES;
				CLANG_ENABLE_OBJC_ARC = YES;
				CLANG_ENABLE_OBJC_WEAK = YES;
				CLANG_WARN_BLOCK_CAPTURE_AUTORELEASING = YES;
				CLANG_WARN_BOOL_CONVERSION = YES;
				CLANG_WARN_COMMA = YES;
				CLANG_WARN_CONSTANT_CONVERSION = YES;
				CLANG_WARN_DEPRECATED_OBJC_IMPLEMENTATIONS = YES;
				CLANG_WARN_DIRECT_OBJC_ISA_USAGE = YES_ERROR;
				CLANG_WARN_DOCUMENTATION_COMMENTS = YES;
				CLANG_WARN_EMPTY_BODY = YES;
				CLANG_WARN_ENUM_CONVERSION = YES;
				CLANG_WARN_INFINITE_RECURSION = YES;
				CLANG_WARN_INT_CONVERSION = YES;
				CLANG_WARN_NON_LITERAL_NULL_CONVERSION = YES;
				CLANG_WARN_OBJC_IMPLICIT_RETAIN_SELF = YES;
				CLANG_WARN_OBJC_LITERAL_CONVERSION = YES;
				CLANG_WARN_OBJC_ROOT_CLASS = YES_ERROR;
				CLANG_WARN_RANGE_LOOP_ANALYSIS = YES;
				CLANG_WARN_STRICT_PROTOTYPES = YES;
				CLANG_WARN_SUSPICIOUS_MOVE = YES;
				CLANG_WARN_UNGUARDED_AVAILABILITY = YES_AGGRESSIVE;
				CLANG_WARN_UNREACHABLE_CODE = YES;
				CLANG_WARN__DUPLICATE_METHOD_MATCH = YES;
				COPY_PHASE_STRIP = NO;
				DEBUG_INFORMATION_FORMAT = dwarf;
				ENABLE_STRICT_OBJC_MSGSEND = YES;
				ENABLE_TESTABILITY = YES;
				GCC_C_LANGUAGE_STANDARD = gnu11;
				GCC_DYNAMIC_NO_PIC = NO;
				GCC_NO_COMMON_BLOCKS = YES;
				GCC_OPTIMIZATION_LEVEL = 0;
				GCC_PREPROCESSOR_DEFINITIONS = (
					"DEBUG=1",
					"$(inherited)",
				);
				GCC_WARN_64_TO_32_BIT_CONVERSION = YES;
				GCC_WARN_ABOUT_RETURN_TYPE = YES_ERROR;
				GCC_WARN_UNDECLARED_SELECTOR = YES;
				GCC_WARN_UNINITIALIZED_AUTOS = YES_AGGRESSIVE;
				GCC_WARN_UNUSED_FUNCTION = YES;
				GCC_WARN_UNUSED_VARIABLE = YES;
				IPHONEOS_DEPLOYMENT_TARGET = 13.7;
				MTL_ENABLE_DEBUG_INFO = INCLUDE_SOURCE;
				MTL_FAST_MATH = YES;
				ONLY_ACTIVE_ARCH = YES;
				SDKROOT = iphoneos;
				SWIFT_ACTIVE_COMPILATION_CONDITIONS = DEBUG;
				SWIFT_OPTIMIZATION_LEVEL = "-Onone";
			};
			name = Debug;
		};
		A0E82FAB250F1156006A3834 /* Release */ = {
			isa = XCBuildConfiguration;
			buildSettings = {
				ALWAYS_SEARCH_USER_PATHS = NO;
				CLANG_ANALYZER_LOCALIZABILITY_NONLOCALIZED = YES;
				CLANG_ANALYZER_NONNULL = YES;
				CLANG_ANALYZER_NUMBER_OBJECT_CONVERSION = YES_AGGRESSIVE;
				CLANG_CXX_LANGUAGE_STANDARD = "gnu++14";
				CLANG_CXX_LIBRARY = "libc++";
				CLANG_ENABLE_MODULES = YES;
				CLANG_ENABLE_OBJC_ARC = YES;
				CLANG_ENABLE_OBJC_WEAK = YES;
				CLANG_WARN_BLOCK_CAPTURE_AUTORELEASING = YES;
				CLANG_WARN_BOOL_CONVERSION = YES;
				CLANG_WARN_COMMA = YES;
				CLANG_WARN_CONSTANT_CONVERSION = YES;
				CLANG_WARN_DEPRECATED_OBJC_IMPLEMENTATIONS = YES;
				CLANG_WARN_DIRECT_OBJC_ISA_USAGE = YES_ERROR;
				CLANG_WARN_DOCUMENTATION_COMMENTS = YES;
				CLANG_WARN_EMPTY_BODY = YES;
				CLANG_WARN_ENUM_CONVERSION = YES;
				CLANG_WARN_INFINITE_RECURSION = YES;
				CLANG_WARN_INT_CONVERSION = YES;
				CLANG_WARN_NON_LITERAL_NULL_CONVERSION = YES;
				CLANG_WARN_OBJC_IMPLICIT_RETAIN_SELF = YES;
				CLANG_WARN_OBJC_LITERAL_CONVERSION = YES;
				CLANG_WARN_OBJC_ROOT_CLASS = YES_ERROR;
				CLANG_WARN_RANGE_LOOP_ANALYSIS = YES;
				CLANG_WARN_STRICT_PROTOTYPES = YES;
				CLANG_WARN_SUSPICIOUS_MOVE = YES;
				CLANG_WARN_UNGUARDED_AVAILABILITY = YES_AGGRESSIVE;
				CLANG_WARN_UNREACHABLE_CODE = YES;
				CLANG_WARN__DUPLICATE_METHOD_MATCH = YES;
				COPY_PHASE_STRIP = NO;
				DEBUG_INFORMATION_FORMAT = "dwarf-with-dsym";
				ENABLE_NS_ASSERTIONS = NO;
				ENABLE_STRICT_OBJC_MSGSEND = YES;
				GCC_C_LANGUAGE_STANDARD = gnu11;
				GCC_NO_COMMON_BLOCKS = YES;
				GCC_WARN_64_TO_32_BIT_CONVERSION = YES;
				GCC_WARN_ABOUT_RETURN_TYPE = YES_ERROR;
				GCC_WARN_UNDECLARED_SELECTOR = YES;
				GCC_WARN_UNINITIALIZED_AUTOS = YES_AGGRESSIVE;
				GCC_WARN_UNUSED_FUNCTION = YES;
				GCC_WARN_UNUSED_VARIABLE = YES;
				IPHONEOS_DEPLOYMENT_TARGET = 13.7;
				MTL_ENABLE_DEBUG_INFO = NO;
				MTL_FAST_MATH = YES;
				SDKROOT = iphoneos;
				SWIFT_COMPILATION_MODE = wholemodule;
				SWIFT_OPTIMIZATION_LEVEL = "-O";
				VALIDATE_PRODUCT = YES;
			};
			name = Release;
		};
		A0E82FAD250F1156006A3834 /* Debug */ = {
			isa = XCBuildConfiguration;
			buildSettings = {
				ASSETCATALOG_COMPILER_APPICON_NAME = AppIcon;
				CODE_SIGN_STYLE = Automatic;
				DEVELOPMENT_TEAM = 7LF5ZBV4G7;
				INFOPLIST_FILE = DummyKit/Info.plist;
				LD_RUNPATH_SEARCH_PATHS = (
					"$(inherited)",
					"@executable_path/Frameworks",
				);
				PRODUCT_BUNDLE_IDENTIFIER = com.hexch.dev.DummyKit;
				PRODUCT_NAME = "$(TARGET_NAME)";
				SWIFT_VERSION = 5.0;
				TARGETED_DEVICE_FAMILY = "1,2";
			};
			name = Debug;
		};
		A0E82FAE250F1156006A3834 /* Release */ = {
			isa = XCBuildConfiguration;
			buildSettings = {
				ASSETCATALOG_COMPILER_APPICON_NAME = AppIcon;
				CODE_SIGN_STYLE = Automatic;
				DEVELOPMENT_TEAM = 7LF5ZBV4G7;
				INFOPLIST_FILE = DummyKit/Info.plist;
				LD_RUNPATH_SEARCH_PATHS = (
					"$(inherited)",
					"@executable_path/Frameworks",
				);
				PRODUCT_BUNDLE_IDENTIFIER = com.hexch.dev.DummyKit;
				PRODUCT_NAME = "$(TARGET_NAME)";
				SWIFT_VERSION = 5.0;
				TARGETED_DEVICE_FAMILY = "1,2";
			};
			name = Release;
		};
/* End XCBuildConfiguration section */

/* Begin XCConfigurationList section */
		A0E82F93250F114E006A3834 /* Build configuration list for PBXProject "DummyKit" */ = {
			isa = XCConfigurationList;
			buildConfigurations = (
				A0E82FAA250F1156006A3834 /* Debug */,
				A0E82FAB250F1156006A3834 /* Release */,
			);
			defaultConfigurationIsVisible = 0;
			defaultConfigurationName = Release;
		};
		A0E82FAC250F1156006A3834 /* Build configuration list for PBXNativeTarget "DummyKit" */ = {
			isa = XCConfigurationList;
			buildConfigurations = (
				A0E82FAD250F1156006A3834 /* Debug */,
				A0E82FAE250F1156006A3834 /* Release */,
			);
			defaultConfigurationIsVisible = 0;
			defaultConfigurationName = Release;
		};
/* End XCConfigurationList section */

/* Begin XCRemoteSwiftPackageReference section */
		A0E82FAF250F1794006A3834 /* XCRemoteSwiftPackageReference "FluentDarkModeKit" */ = {
			isa = XCRemoteSwiftPackageReference;
			repositoryURL = "https://github.com/microsoft/FluentDarkModeKit.git";
			requirement = {
				kind = upToNextMajorVersion;
				minimumVersion = 1.0.0;
			};
		};
/* End XCRemoteSwiftPackageReference section */

/* Begin XCSwiftPackageProductDependency section */
		A0E82FB0250F1794006A3834 /* FluentDarkModeKit */ = {
			isa = XCSwiftPackageProductDependency;
			package = A0E82FAF250F1794006A3834 /* XCRemoteSwiftPackageReference "FluentDarkModeKit" */;
			productName = FluentDarkModeKit;
		};
/* End XCSwiftPackageProductDependency section */
	};
	rootObject = A0E82F90250F114E006A3834 /* Project object */;
}
